
Microsoft Visual Studio Solution File, Format Version 12.00
# Visual Studio Version 17
VisualStudioVersion = 17.14.36414.22 d17.14
MinimumVisualStudioVersion = 10.0.40219.1
Project("{FAE04EC0-301F-11D3-BF4B-00C04F79EFBC}") = "B G Patel Tea Shop", "B G Patel Tea Shop.csproj", "{7FDAC2A3-31C4-45BC-A5DB-844D1C473F0F}"
EndProject
Global
	GlobalSection(SolutionConfigurationPlatforms) = preSolution
		Debug|Any CPU = Debug|Any CPU
		Release|Any CPU = Release|Any CPU
	EndGlobalSection
	GlobalSection(ProjectConfigurationPlatforms) = postSolution
		{7FDAC2A3-31C4-45BC-A5DB-844D1C473F0F}.Debug|Any CPU.ActiveCfg = Debug|Any CPU
		{7FDAC2A3-31C4-45BC-A5DB-844D1C473F0F}.Debug|Any CPU.Build.0 = Debug|Any CPU
		{7FDAC2A3-31C4-45BC-A5DB-844D1C473F0F}.Release|Any CPU.ActiveCfg = Release|Any CPU
		{7FDAC2A3-31C4-45BC-A5DB-844D1C473F0F}.Release|Any CPU.Build.0 = Release|Any CPU
	EndGlobalSection
	GlobalSection(SolutionProperties) = preSolution
		HideSolutionNode = FALSE
	EndGlobalSection
	GlobalSection(ExtensibilityGlobals) = postSolution
		SolutionGuid = {F4BE05F7-E77D-41CC-9BC5-006B92C8275F}
	EndGlobalSection
EndGlobal
